{
	"requires": true,
	"lockfileVersion": 1,
	"dependencies": {
		"@cityofzion/neon-api": {
			"version": "4.1.0",
			"resolved": "https://registry.npmjs.org/@cityofzion/neon-api/-/neon-api-4.1.0.tgz",
			"integrity": "sha512-hh6c7KbrpRtYo3++rbYHONhIlVhS/aflDS/DguIGYzTSnJSvPkfJM9xxtQGeZhxWX9LkkqcsJbgQNk6YPWOy8Q==",
			"requires": {
				"axios": "^0.18.0"
			}
		},
		"@cityofzion/neon-core": {
			"version": "4.1.0",
			"resolved": "https://registry.npmjs.org/@cityofzion/neon-core/-/neon-core-4.1.0.tgz",
			"integrity": "sha512-MZ6Hntriyqwy4qWvEjCzrvCIqVkZFCnMVxpzR5szmD5plYyp5JjliayhO4L8n3pNFz/ePZDYPZG1r/ad6sc4dg==",
			"requires": {
				"@types/bn.js": "^4.11.1",
				"@types/bs58": "^3.0.30",
				"@types/crypto-js": "^3.1.43",
				"@types/loglevel": "^1.5.3",
				"@types/node": "^10.5.4",
				"axios": "^0.18.0",
				"bignumber.js": "^7.2.1",
				"bs58": "^4.0.1",
				"bs58check": "^2.1.2",
				"crypto-js": "^3.1.9-1",
				"elliptic": "^6.4.0",
				"loglevel": "^1.6.1",
				"loglevel-plugin-prefix": "^0.8.4",
				"scrypt-js": "^2.0.3",
				"secure-random": "^1.1.1",
				"wif": "^2.0.6"
			}
		},
		"@cityofzion/neon-js": {
			"version": "4.1.1",
			"resolved": "https://registry.npmjs.org/@cityofzion/neon-js/-/neon-js-4.1.1.tgz",
			"integrity": "sha512-FJikyVyrOJXgJqpDbyuGqOu+qnYA7KNHXpRqIg14jwzZ+TbSNKdrtklntUKOgktKmNqOAxctdvsTueBeYcNrRA==",
			"requires": {
				"@cityofzion/neon-api": "^4.1.0",
				"@cityofzion/neon-core": "^4.1.0",
				"@cityofzion/neon-nep5": "^4.1.0"
			}
		},
		"@cityofzion/neon-nep5": {
			"version": "4.1.0",
			"resolved": "https://registry.npmjs.org/@cityofzion/neon-nep5/-/neon-nep5-4.1.0.tgz",
			"integrity": "sha512-nsV/39mMXwGClMhZTWex+3WXZNsw1O8BOzSOXHcwjGkL+uyA56m8ImITW5usRYHWnWL/PHuYWne+YkA/UjysCA=="
		},
		"@types/base-x": {
			"version": "1.0.29",
			"resolved": "http://registry.npmjs.org/@types/base-x/-/base-x-1.0.29.tgz",
			"integrity": "sha1-ii1z5KXDEhdXpfiHDPpFCWVRhrY="
		},
		"@types/bn.js": {
			"version": "4.11.2",
			"resolved": "https://registry.npmjs.org/@types/bn.js/-/bn.js-4.11.2.tgz",
			"integrity": "sha512-OC3E/26kp/+JSOE4eJo86KivQM95MKPgnkug3uSCt+pXTWPovVBhixL1GwK1MLLsxgR3uZmTGjQQd8uKJEnurA==",
			"requires": {
				"@types/node": "*"
			}
		},
		"@types/bs58": {
			"version": "3.0.30",
			"resolved": "http://registry.npmjs.org/@types/bs58/-/bs58-3.0.30.tgz",
			"integrity": "sha1-kWuhCZJGXlb4GvxzXnk1/XSYk+E=",
			"requires": {
				"@types/base-x": "*"
			}
		},
		"@types/crypto-js": {
			"version": "3.1.43",
			"resolved": "https://registry.npmjs.org/@types/crypto-js/-/crypto-js-3.1.43.tgz",
			"integrity": "sha512-EHe/YKctU3IYNBsDmSOPX/7jLHPRlx8WaiDKSY9JCTnJ8XJeM4c0ZJvx+9Gxmr2s2ihI92R+3U/gNL1sq5oRuQ=="
		},
		"@types/loglevel": {
			"version": "1.5.3",
			"resolved": "https://registry.npmjs.org/@types/loglevel/-/loglevel-1.5.3.tgz",
			"integrity": "sha512-TzzIZihV+y9kxSg5xJMkyIkaoGkXi50isZTtGHObNHRqAAwjGNjSCNPI7AUAv0tZUKTq9f2cdkCUd/2JVZUTrA=="
		},
		"@types/node": {
			"version": "10.12.0",
			"resolved": "https://registry.npmjs.org/@types/node/-/node-10.12.0.tgz",
			"integrity": "sha512-3TUHC3jsBAB7qVRGxT6lWyYo2v96BMmD2PTcl47H25Lu7UXtFH/2qqmKiVrnel6Ne//0TFYf6uvNX+HW2FRkLQ=="
		},
		"axios": {
			"version": "0.18.0",
			"resolved": "http://registry.npmjs.org/axios/-/axios-0.18.0.tgz",
			"integrity": "sha1-MtU+SFHv3AoRmTts0AB4nXDAUQI=",
			"requires": {
				"follow-redirects": "^1.3.0",
				"is-buffer": "^1.1.5"
			}
		},
		"base-x": {
			"version": "3.0.4",
			"resolved": "https://registry.npmjs.org/base-x/-/base-x-3.0.4.tgz",
			"integrity": "sha512-UYOadoSIkEI/VrRGSG6qp93rp2WdokiAiNYDfGW5qURAY8GiAQkvMbwNNSDYiVJopqv4gCna7xqf4rrNGp+5AA==",
			"requires": {
				"safe-buffer": "^5.0.1"
			}
		},
		"bignumber.js": {
			"version": "7.2.1",
			"resolved": "https://registry.npmjs.org/bignumber.js/-/bignumber.js-7.2.1.tgz",
			"integrity": "sha512-S4XzBk5sMB+Rcb/LNcpzXr57VRTxgAvaAEDAl1AwRx27j00hT84O6OkteE7u8UB3NuaaygCRrEpqox4uDOrbdQ=="
		},
		"bn.js": {
			"version": "4.11.8",
			"resolved": "https://registry.npmjs.org/bn.js/-/bn.js-4.11.8.tgz",
			"integrity": "sha512-ItfYfPLkWHUjckQCk8xC+LwxgK8NYcXywGigJgSwOP8Y2iyWT4f2vsZnoOXTTbo+o5yXmIUJ4gn5538SO5S3gA=="
		},
		"brorand": {
			"version": "1.1.0",
			"resolved": "https://registry.npmjs.org/brorand/-/brorand-1.1.0.tgz",
			"integrity": "sha1-EsJe/kCkXjwyPrhnWgoM5XsiNx8="
		},
		"bs58": {
			"version": "4.0.1",
			"resolved": "https://registry.npmjs.org/bs58/-/bs58-4.0.1.tgz",
			"integrity": "sha1-vhYedsNU9veIrkBx9j806MTwpCo=",
			"requires": {
				"base-x": "^3.0.2"
			}
		},
		"bs58check": {
			"version": "2.1.2",
			"resolved": "https://registry.npmjs.org/bs58check/-/bs58check-2.1.2.tgz",
			"integrity": "sha512-0TS1jicxdU09dwJMNZtVAfzPi6Q6QeN0pM1Fkzrjn+XYHvzMKPU3pHVpva+769iNVSfIYWf7LJ6WR+BuuMf8cA==",
			"requires": {
				"bs58": "^4.0.0",
				"create-hash": "^1.1.0",
				"safe-buffer": "^5.1.2"
			}
		},
		"cipher-base": {
			"version": "1.0.4",
			"resolved": "https://registry.npmjs.org/cipher-base/-/cipher-base-1.0.4.tgz",
			"integrity": "sha512-Kkht5ye6ZGmwv40uUDZztayT2ThLQGfnj/T71N/XzeZeo3nf8foyW7zGTsPYkEya3m5f3cAypH+qe7YOrM1U2Q==",
			"requires": {
				"inherits": "^2.0.1",
				"safe-buffer": "^5.0.1"
			}
		},
		"create-hash": {
			"version": "1.2.0",
			"resolved": "http://registry.npmjs.org/create-hash/-/create-hash-1.2.0.tgz",
			"integrity": "sha512-z00bCGNHDG8mHAkP7CtT1qVu+bFQUPjYq/4Iv3C3kWjTFV10zIjfSoeqXo9Asws8gwSHDGj/hl2u4OGIjapeCg==",
			"requires": {
				"cipher-base": "^1.0.1",
				"inherits": "^2.0.1",
				"md5.js": "^1.3.4",
				"ripemd160": "^2.0.1",
				"sha.js": "^2.4.0"
			}
		},
		"crypto-js": {
			"version": "3.1.9-1",
			"resolved": "https://registry.npmjs.org/crypto-js/-/crypto-js-3.1.9-1.tgz",
			"integrity": "sha1-/aGedh/Ad+Af+/3G6f38WeiAbNg="
		},
		"debug": {
			"version": "3.1.0",
			"resolved": "https://registry.npmjs.org/debug/-/debug-3.1.0.tgz",
			"integrity": "sha512-OX8XqP7/1a9cqkxYw2yXss15f26NKWBpDXQd0/uK/KPqdQhxbPa994hnzjcE2VqQpDslf55723cKPUOGSmMY3g==",
			"requires": {
				"ms": "2.0.0"
			}
		},
		"elliptic": {
			"version": "6.4.1",
			"resolved": "https://registry.npmjs.org/elliptic/-/elliptic-6.4.1.tgz",
			"integrity": "sha512-BsXLz5sqX8OHcsh7CqBMztyXARmGQ3LWPtGjJi6DiJHq5C/qvi9P3OqgswKSDftbu8+IoI/QDTAm2fFnQ9SZSQ==",
			"requires": {
				"bn.js": "^4.4.0",
				"brorand": "^1.0.1",
				"hash.js": "^1.0.0",
				"hmac-drbg": "^1.0.0",
				"inherits": "^2.0.1",
				"minimalistic-assert": "^1.0.0",
				"minimalistic-crypto-utils": "^1.0.0"
			}
		},
		"follow-redirects": {
			"version": "1.5.9",
			"resolved": "https://registry.npmjs.org/follow-redirects/-/follow-redirects-1.5.9.tgz",
			"integrity": "sha512-Bh65EZI/RU8nx0wbYF9shkFZlqLP+6WT/5FnA3cE/djNSuKNHJEinGGZgu/cQEkeeb2GdFOgenAmn8qaqYke2w==",
			"requires": {
				"debug": "=3.1.0"
			}
		},
		"hash-base": {
			"version": "3.0.4",
			"resolved": "https://registry.npmjs.org/hash-base/-/hash-base-3.0.4.tgz",
			"integrity": "sha1-X8hoaEfs1zSZQDMZprCj8/auSRg=",
			"requires": {
				"inherits": "^2.0.1",
				"safe-buffer": "^5.0.1"
			}
		},
		"hash.js": {
			"version": "1.1.5",
			"resolved": "https://registry.npmjs.org/hash.js/-/hash.js-1.1.5.tgz",
			"integrity": "sha512-eWI5HG9Np+eHV1KQhisXWwM+4EPPYe5dFX1UZZH7k/E3JzDEazVH+VGlZi6R94ZqImq+A3D1mCEtrFIfg/E7sA==",
			"requires": {
				"inherits": "^2.0.3",
				"minimalistic-assert": "^1.0.1"
			}
		},
		"hmac-drbg": {
			"version": "1.0.1",
			"resolved": "https://registry.npmjs.org/hmac-drbg/-/hmac-drbg-1.0.1.tgz",
			"integrity": "sha1-0nRXAQJabHdabFRXk+1QL8DGSaE=",
			"requires": {
				"hash.js": "^1.0.3",
				"minimalistic-assert": "^1.0.0",
				"minimalistic-crypto-utils": "^1.0.1"
			}
		},
		"inherits": {
			"version": "2.0.3",
			"resolved": "https://registry.npmjs.org/inherits/-/inherits-2.0.3.tgz",
			"integrity": "sha1-Yzwsg+PaQqUC9SRmAiSA9CCCYd4="
		},
		"is-buffer": {
			"version": "1.1.6",
			"resolved": "https://registry.npmjs.org/is-buffer/-/is-buffer-1.1.6.tgz",
			"integrity": "sha512-NcdALwpXkTm5Zvvbk7owOUSvVvBKDgKP5/ewfXEznmQFfs4ZRmanOeKBTjRVjka3QFoN6XJ+9F3USqfHqTaU5w=="
		},
		"loglevel": {
			"version": "1.6.1",
			"resolved": "https://registry.npmjs.org/loglevel/-/loglevel-1.6.1.tgz",
			"integrity": "sha1-4PyVEztu8nbNyIh82vJKpvFW+Po="
		},
		"loglevel-plugin-prefix": {
			"version": "0.8.4",
			"resolved": "https://registry.npmjs.org/loglevel-plugin-prefix/-/loglevel-plugin-prefix-0.8.4.tgz",
			"integrity": "sha512-WpG9CcFAOjz/FtNht+QJeGpvVl/cdR6P0z6OcXSkr8wFJOsV2GRj2j10JLfjuA4aYkcKCNIEqRGCyTife9R8/g=="
		},
		"md5.js": {
			"version": "1.3.5",
			"resolved": "https://registry.npmjs.org/md5.js/-/md5.js-1.3.5.tgz",
			"integrity": "sha512-xitP+WxNPcTTOgnTJcrhM0xvdPepipPSf3I8EIpGKeFLjt3PlJLIDG3u8EX53ZIubkb+5U2+3rELYpEhHhzdkg==",
			"requires": {
				"hash-base": "^3.0.0",
				"inherits": "^2.0.1",
				"safe-buffer": "^5.1.2"
			}
		},
		"minimalistic-assert": {
			"version": "1.0.1",
			"resolved": "https://registry.npmjs.org/minimalistic-assert/-/minimalistic-assert-1.0.1.tgz",
			"integrity": "sha512-UtJcAD4yEaGtjPezWuO9wC4nwUnVH/8/Im3yEHQP4b67cXlD/Qr9hdITCU1xDbSEXg2XKNaP8jsReV7vQd00/A=="
		},
		"minimalistic-crypto-utils": {
			"version": "1.0.1",
			"resolved": "https://registry.npmjs.org/minimalistic-crypto-utils/-/minimalistic-crypto-utils-1.0.1.tgz",
			"integrity": "sha1-9sAMHAsIIkblxNmd+4x8CDsrWCo="
		},
		"ms": {
			"version": "2.0.0",
			"resolved": "https://registry.npmjs.org/ms/-/ms-2.0.0.tgz",
			"integrity": "sha1-VgiurfwAvmwpAd9fmGF4jeDVl8g="
		},
		"ripemd160": {
			"version": "2.0.2",
			"resolved": "https://registry.npmjs.org/ripemd160/-/ripemd160-2.0.2.tgz",
			"integrity": "sha512-ii4iagi25WusVoiC4B4lq7pbXfAp3D9v5CwfkY33vffw2+pkDjY1D8GaN7spsxvCSx8dkPqOZCEZyfxcmJG2IA==",
			"requires": {
				"hash-base": "^3.0.0",
				"inherits": "^2.0.1"
			}
		},
		"safe-buffer": {
			"version": "5.1.2",
			"resolved": "https://registry.npmjs.org/safe-buffer/-/safe-buffer-5.1.2.tgz",
			"integrity": "sha512-Gd2UZBJDkXlY7GbJxfsE8/nvKkUEU1G38c1siN6QP6a9PT9MmHB8GnpscSmMJSoF8LOIrt8ud/wPtojys4G6+g=="
		},
		"scrypt-js": {
			"version": "2.0.4",
			"resolved": "https://registry.npmjs.org/scrypt-js/-/scrypt-js-2.0.4.tgz",
			"integrity": "sha512-4KsaGcPnuhtCZQCxFxN3GVYIhKFPTdLd8PLC552XwbMndtD0cjRFAhDuuydXQ0h08ZfPgzqe6EKHozpuH74iDw=="
		},
		"secure-random": {
			"version": "1.1.1",
			"resolved": "https://registry.npmjs.org/secure-random/-/secure-random-1.1.1.tgz",
			"integrity": "sha1-CIDy2MUYX0vLRoQFjINrTdsHFFo="
		},
		"sha.js": {
			"version": "2.4.11",
			"resolved": "http://registry.npmjs.org/sha.js/-/sha.js-2.4.11.tgz",
			"integrity": "sha512-QMEp5B7cftE7APOjk5Y6xgrbWu+WkLVQwk8JNjZ8nKRciZaByEW6MubieAiToS7+dwvrjGhH8jRXz3MVd0AYqQ==",
			"requires": {
				"inherits": "^2.0.1",
				"safe-buffer": "^5.0.1"
			}
		},
		"wif": {
			"version": "2.0.6",
			"resolved": "https://registry.npmjs.org/wif/-/wif-2.0.6.tgz",
			"integrity": "sha1-CNP1IFbGZnkplyb63g1DKudLRwQ=",
			"requires": {
				"bs58check": "<3.0.0"
			}
		}
	}
}
