
Microsoft Visual Studio Solution File, Format Version 12.00
# Visual Studio 15
VisualStudioVersion = 15.0.28010.2036
MinimumVisualStudioVersion = 10.0.40219.1
Project("{FAE04EC0-301F-11D3-BF4B-00C04F79EFBC}") = "NeoNftImplementation.NftContract", "NeoNftImplementation.NftContract\NeoNftImplementation.NftContract.csproj", "{29D17CEE-27FF-4F03-8A0F-23C940D242CF}"
EndProject
Project("{FAE04EC0-301F-11D3-BF4B-00C04F79EFBC}") = "NeoNftImplementation.MarketContract", "NeoNftImplementation.MarketContract\NeoNftImplementation.MarketContract.csproj", "{A23A5762-9464-48D1-9BCB-AA04FBC8FA7B}"
EndProject
Global
	GlobalSection(SolutionConfigurationPlatforms) = preSolution
		Debug|Any CPU = Debug|Any CPU
		Release|Any CPU = Release|Any CPU
	EndGlobalSection
	GlobalSection(ProjectConfigurationPlatforms) = postSolution
		{29D17CEE-27FF-4F03-8A0F-23C940D242CF}.Debug|Any CPU.ActiveCfg = Debug|Any CPU
		{29D17CEE-27FF-4F03-8A0F-23C940D242CF}.Debug|Any CPU.Build.0 = Debug|Any CPU
		{29D17CEE-27FF-4F03-8A0F-23C940D242CF}.Release|Any CPU.ActiveCfg = Release|Any CPU
		{29D17CEE-27FF-4F03-8A0F-23C940D242CF}.Release|Any CPU.Build.0 = Release|Any CPU
		{A23A5762-9464-48D1-9BCB-AA04FBC8FA7B}.Debug|Any CPU.ActiveCfg = Debug|Any CPU
		{A23A5762-9464-48D1-9BCB-AA04FBC8FA7B}.Debug|Any CPU.Build.0 = Debug|Any CPU
		{A23A5762-9464-48D1-9BCB-AA04FBC8FA7B}.Release|Any CPU.ActiveCfg = Release|Any CPU
		{A23A5762-9464-48D1-9BCB-AA04FBC8FA7B}.Release|Any CPU.Build.0 = Release|Any CPU
	EndGlobalSection
	GlobalSection(SolutionProperties) = preSolution
		HideSolutionNode = FALSE
	EndGlobalSection
	GlobalSection(ExtensibilityGlobals) = postSolution
		SolutionGuid = {7A84FAC6-7F32-4DAF-A2AD-1F921C5F8B95}
	EndGlobalSection
EndGlobal
